
Microsoft Visual Studio Solution File, Format Version 12.00
# Visual Studio Version 17
VisualStudioVersion = 17.3.32922.545
MinimumVisualStudioVersion = 10.0.40219.1
Project("{FAE04EC0-301F-11D3-BF4B-00C04F79EFBC}") = "HW_210323", "HW_210323\HW_210323.csproj", "{2B6CE2DA-1D60-420F-B559-CA0C9F278995}"
EndProject
Global
	GlobalSection(SolutionConfigurationPlatforms) = preSolution
		Debug|Any CPU = Debug|Any CPU
		Release|Any CPU = Release|Any CPU
	EndGlobalSection
	GlobalSection(ProjectConfigurationPlatforms) = postSolution
		{2B6CE2DA-1D60-420F-B559-CA0C9F278995}.Debug|Any CPU.ActiveCfg = Debug|Any CPU
		{2B6CE2DA-1D60-420F-B559-CA0C9F278995}.Debug|Any CPU.Build.0 = Debug|Any CPU
		{2B6CE2DA-1D60-420F-B559-CA0C9F278995}.Release|Any CPU.ActiveCfg = Release|Any CPU
		{2B6CE2DA-1D60-420F-B559-CA0C9F278995}.Release|Any CPU.Build.0 = Release|Any CPU
	EndGlobalSection
	GlobalSection(SolutionProperties) = preSolution
		HideSolutionNode = FALSE
	EndGlobalSection
	GlobalSection(ExtensibilityGlobals) = postSolution
		SolutionGuid = {A74C7B81-B3E4-4441-ADFD-95725EA1C97E}
	EndGlobalSection
EndGlobal
